
Microsoft Visual Studio Solution File, Format Version 12.00
# Visual Studio Version 17
VisualStudioVersion = 17.9.34714.143
MinimumVisualStudioVersion = 10.0.40219.1
Project("{FAE04EC0-301F-11D3-BF4B-00C04F79EFBC}") = "ValidatorLibraly", "ValidatorLibraly.csproj", "{95158CDD-D0D2-47D7-BF95-6E7A05555150}"
EndProject
Project("{FAE04EC0-301F-11D3-BF4B-00C04F79EFBC}") = "ValidatorLibralyTests", "..\ValidatorLibralyTests\ValidatorLibralyTests.csproj", "{48B3AD1B-87D5-4CA9-92A9-A51F48D2E635}"
EndProject
Global
	GlobalSection(SolutionConfigurationPlatforms) = preSolution
		Debug|Any CPU = Debug|Any CPU
		Release|Any CPU = Release|Any CPU
	EndGlobalSection
	GlobalSection(ProjectConfigurationPlatforms) = postSolution
		{95158CDD-D0D2-47D7-BF95-6E7A05555150}.Debug|Any CPU.ActiveCfg = Debug|Any CPU
		{95158CDD-D0D2-47D7-BF95-6E7A05555150}.Debug|Any CPU.Build.0 = Debug|Any CPU
		{95158CDD-D0D2-47D7-BF95-6E7A05555150}.Release|Any CPU.ActiveCfg = Release|Any CPU
		{95158CDD-D0D2-47D7-BF95-6E7A05555150}.Release|Any CPU.Build.0 = Release|Any CPU
		{48B3AD1B-87D5-4CA9-92A9-A51F48D2E635}.Debug|Any CPU.ActiveCfg = Debug|Any CPU
		{48B3AD1B-87D5-4CA9-92A9-A51F48D2E635}.Debug|Any CPU.Build.0 = Debug|Any CPU
		{48B3AD1B-87D5-4CA9-92A9-A51F48D2E635}.Release|Any CPU.ActiveCfg = Release|Any CPU
		{48B3AD1B-87D5-4CA9-92A9-A51F48D2E635}.Release|Any CPU.Build.0 = Release|Any CPU
	EndGlobalSection
	GlobalSection(SolutionProperties) = preSolution
		HideSolutionNode = FALSE
	EndGlobalSection
	GlobalSection(ExtensibilityGlobals) = postSolution
		SolutionGuid = {741F417C-062E-4975-8391-417939529079}
	EndGlobalSection
EndGlobal
